	<Project xmlns="http://schemas.microsoft.com/developer/msbuild/2003">
		<PropertyGroup>
			<ProjectGuid>{5df67e3f-0f93-4763-b479-27e7e6098d95}</ProjectGuid>
			<Configuration Condition=" '$(Configuration)' == '' ">Debug</Configuration>
			<DCC_DCCCompiler>DCC32</DCC_DCCCompiler>
			<DCC_DependencyCheckOutputName>whole_idea.exe</DCC_DependencyCheckOutputName>
			<MainSource>whole_idea.dpr</MainSource>
			<ProjectVersion>13.4</ProjectVersion>
			<Config Condition="'$(Config)'==''">Debug</Config>
			<FrameworkType>VCL</FrameworkType>
			<Base>True</Base>
			<Platform Condition="'$(Platform)'==''">Win32</Platform>
			<TargetedPlatforms>3</TargetedPlatforms>
			<AppType>Application</AppType>
		</PropertyGroup>
		<PropertyGroup Condition="'$(Config)'=='Base' or '$(Base)'!=''">
			<Base>true</Base>
		</PropertyGroup>
		<PropertyGroup Condition="('$(Platform)'=='Win64' and '$(Base)'=='true') or '$(Base_Win64)'!=''">
			<Base_Win64>true</Base_Win64>
			<CfgParent>Base</CfgParent>
			<Base>true</Base>
		</PropertyGroup>
		<PropertyGroup Condition="('$(Platform)'=='Win32' and '$(Base)'=='true') or '$(Base_Win32)'!=''">
			<Base_Win32>true</Base_Win32>
			<CfgParent>Base</CfgParent>
			<Base>true</Base>
		</PropertyGroup>
		<PropertyGroup Condition="'$(Config)'=='Release' or '$(Cfg_1)'!=''">
			<Cfg_1>true</Cfg_1>
			<CfgParent>Base</CfgParent>
			<Base>true</Base>
		</PropertyGroup>
		<PropertyGroup Condition="'$(Config)'=='Debug' or '$(Cfg_2)'!=''">
			<Cfg_2>true</Cfg_2>
			<CfgParent>Base</CfgParent>
			<Base>true</Base>
		</PropertyGroup>
		<PropertyGroup Condition="('$(Platform)'=='Win64' and '$(Cfg_2)'=='true') or '$(Cfg_2_Win64)'!=''">
			<Cfg_2_Win64>true</Cfg_2_Win64>
			<CfgParent>Cfg_2</CfgParent>
			<Cfg_2>true</Cfg_2>
			<Base>true</Base>
		</PropertyGroup>
		<PropertyGroup Condition="('$(Platform)'=='Win32' and '$(Cfg_2)'=='true') or '$(Cfg_2_Win32)'!=''">
			<Cfg_2_Win32>true</Cfg_2_Win32>
			<CfgParent>Cfg_2</CfgParent>
			<Cfg_2>true</Cfg_2>
			<Base>true</Base>
		</PropertyGroup>
		<PropertyGroup Condition="'$(Base)'!=''">
			<DCC_Namespace>Vcl;Vcl.Imaging;Vcl.Touch;Vcl.Samples;Vcl.Shell;System;Xml;Data;Datasnap;Web;Soap;Winapi;$(DCC_Namespace)</DCC_Namespace>
			<VerInfo_Keys>CompanyName=;FileDescription=;FileVersion=1.0.0.0;InternalName=;LegalCopyright=;LegalTrademarks=;OriginalFilename=;ProductName=;ProductVersion=1.0.0.0;Comments=</VerInfo_Keys>
			<VerInfo_Locale>1049</VerInfo_Locale>
			<DCC_DependencyCheckOutputName>whole_idea.exe</DCC_DependencyCheckOutputName>
		</PropertyGroup>
		<PropertyGroup Condition="'$(Base_Win64)'!=''">
			<VerInfo_IncludeVerInfo>true</VerInfo_IncludeVerInfo>
			<DCC_Namespace>System.Win;Data.Win;Datasnap.Win;Web.Win;Soap.Win;Xml.Win;$(DCC_Namespace)</DCC_Namespace>
			<VerInfo_Locale>1033</VerInfo_Locale>
			<Icon_MainIcon>whole_idea_Icon.ico</Icon_MainIcon>
			<Manifest_File>$(BDS)\bin\default_app.manifest</Manifest_File>
		</PropertyGroup>
		<PropertyGroup Condition="'$(Base_Win32)'!=''">
			<VerInfo_IncludeVerInfo>true</VerInfo_IncludeVerInfo>
			<Icon_MainIcon>whole_idea_Icon.ico</Icon_MainIcon>
			<DCC_Namespace>System.Win;Data.Win;Datasnap.Win;Web.Win;Soap.Win;Xml.Win;Bde;$(DCC_Namespace)</DCC_Namespace>
			<VerInfo_Locale>1033</VerInfo_Locale>
			<Manifest_File>$(BDS)\bin\default_app.manifest</Manifest_File>
			<VerInfo_Keys>CompanyName=;FileDescription=;FileVersion=1.0.0.0;InternalName=;LegalCopyright=;LegalTrademarks=;OriginalFilename=;ProductName=;ProductVersion=1.0.0.0;Comments=</VerInfo_Keys>
		</PropertyGroup>
		<PropertyGroup Condition="'$(Cfg_1)'!=''">
			<Version>7.0</Version>
			<DCC_DebugInformation>False</DCC_DebugInformation>
			<DCC_LocalDebugSymbols>False</DCC_LocalDebugSymbols>
			<DCC_SymbolReferenceInfo>0</DCC_SymbolReferenceInfo>
			<DCC_Define>RELEASE;$(DCC_Define)</DCC_Define>
		</PropertyGroup>
		<PropertyGroup Condition="'$(Cfg_2)'!=''">
			<Version>7.0</Version>
			<DCC_Define>DEBUG;$(DCC_Define)</DCC_Define>
		</PropertyGroup>
		<PropertyGroup Condition="'$(Cfg_2_Win64)'!=''">
			<VerInfo_IncludeVerInfo>true</VerInfo_IncludeVerInfo>
			<VerInfo_Locale>1033</VerInfo_Locale>
		</PropertyGroup>
		<PropertyGroup Condition="'$(Cfg_2_Win32)'!=''">
			<DCC_Optimize>false</DCC_Optimize>
			<VerInfo_IncludeVerInfo>true</VerInfo_IncludeVerInfo>
			<VerInfo_Locale>1033</VerInfo_Locale>
		</PropertyGroup>
		<ProjectExtensions>
			<Borland.Personality>Delphi.Personality.12</Borland.Personality>
			<Borland.ProjectType/>
			<BorlandProject>
				<Delphi.Personality>
					<Parameters>
						<Parameters Name="UseLauncher">False</Parameters>
						<Parameters Name="LoadAllSymbols">True</Parameters>
						<Parameters Name="LoadUnspecifiedSymbols">False</Parameters>
					</Parameters>
					<VersionInfo>
						<VersionInfo Name="IncludeVerInfo">False</VersionInfo>
						<VersionInfo Name="AutoIncBuild">False</VersionInfo>
						<VersionInfo Name="MajorVer">1</VersionInfo>
						<VersionInfo Name="MinorVer">0</VersionInfo>
						<VersionInfo Name="Release">0</VersionInfo>
						<VersionInfo Name="Build">0</VersionInfo>
						<VersionInfo Name="Debug">False</VersionInfo>
						<VersionInfo Name="PreRelease">False</VersionInfo>
						<VersionInfo Name="Special">False</VersionInfo>
						<VersionInfo Name="Private">False</VersionInfo>
						<VersionInfo Name="DLL">False</VersionInfo>
						<VersionInfo Name="Locale">1049</VersionInfo>
						<VersionInfo Name="CodePage">1251</VersionInfo>
					</VersionInfo>
					<VersionInfoKeys>
						<VersionInfoKeys Name="CompanyName"/>
						<VersionInfoKeys Name="FileDescription"/>
						<VersionInfoKeys Name="FileVersion">1.0.0.0</VersionInfoKeys>
						<VersionInfoKeys Name="InternalName"/>
						<VersionInfoKeys Name="LegalCopyright"/>
						<VersionInfoKeys Name="LegalTrademarks"/>
						<VersionInfoKeys Name="OriginalFilename"/>
						<VersionInfoKeys Name="ProductName"/>
						<VersionInfoKeys Name="ProductVersion">1.0.0.0</VersionInfoKeys>
						<VersionInfoKeys Name="Comments"/>
					</VersionInfoKeys>
					<Source>
						<Source Name="MainSource">whole_idea.dpr</Source>
					</Source>
					<Excluded_Packages>
						<Excluded_Packages Name="$(BDSBIN)\bcboffice2k160.bpl">Embarcadero C++Builder Office 2000 Servers Package</Excluded_Packages>
						<Excluded_Packages Name="$(BDSBIN)\bcbofficexp160.bpl">Embarcadero C++Builder Office XP Servers Package</Excluded_Packages>
						<Excluded_Packages Name="$(BDSBIN)\dcloffice2k160.bpl">Microsoft Office 2000 Sample Automation Server Wrapper Components</Excluded_Packages>
						<Excluded_Packages Name="$(BDSBIN)\dclofficexp160.bpl">Microsoft Office XP Sample Automation Server Wrapper Components</Excluded_Packages>
					</Excluded_Packages>
				</Delphi.Personality>
				<ModelSupport>False</ModelSupport>
				<Platforms>
					<Platform value="Win64">True</Platform>
					<Platform value="Win32">True</Platform>
				</Platforms>
			</BorlandProject>
			<ProjectFileVersion>12</ProjectFileVersion>
		</ProjectExtensions>
		<ItemGroup>
			<DelphiCompile Include="$(MainSource)">
				<MainSource>MainSource</MainSource>
			</DelphiCompile>
			<DCCReference Include="mainForm_code.pas">
				<Form>Main_Form</Form>
			</DCCReference>
			<DCCReference Include="3d\form_3d.pas">
				<Form>Form_Paint3d</Form>
			</DCCReference>
			<DCCReference Include="Unit4.pas"/>
			<DCCReference Include="3d\FuncPropsForm.pas">
				<Form>FormulaCharactW</Form>
			</DCCReference>
			<DCCReference Include="Matrix\Matrix_code.pas">
				<Form>Matrix_form</Form>
			</DCCReference>
			<DCCReference Include="Matrix_.pas"/>
			<DCCReference Include="SLAU\SLAU.pas">
				<Form>SLAU_form</Form>
			</DCCReference>
			<DCCReference Include="SLNU\SLNU_code.pas">
				<Form>SLNU_Form</Form>
			</DCCReference>
			<DCCReference Include="2d\Form_2d_code.pas">
				<Form>Form_2d</Form>
			</DCCReference>
			<DCCReference Include="2d\Graph2d_Caption_Code.pas">
				<Form>Graph_CaptForm</Form>
			</DCCReference>
			<DCCReference Include="2d\Func_PropsForm2d.pas">
				<Form>FuncFeaturesW</Form>
			</DCCReference>
			<DCCReference Include="SLNU\int_tables_form.pas">
				<Form>IntTableForm</Form>
			</DCCReference>
			<DCCReference Include="SLNU\SLNUVars.pas"/>
			<DCCReference Include="SLNU\SLNU_.pas"/>
			<DCCReference Include="unit4_vars.pas"/>
			<DCCReference Include="integrals\integrals_code.pas">
				<Form>Integrals_form</Form>
			</DCCReference>
			<DCCReference Include="2d\vars_2d.pas"/>
			<DCCReference Include="integrals\Integrals_.pas"/>
			<DCCReference Include="integrals\intgrs_var.pas"/>
			<DCCReference Include="interpolation\interp_form.pas">
				<Form>Interpolation_form</Form>
			</DCCReference>
			<DCCReference Include="interpolation\interpolation_.pas"/>
			<DCCReference Include="interpolation\interp_vars.pas"/>
			<DCCReference Include="CourseWork\CourseWorkForm.pas">
				<Form>CourseW_Form</Form>
			</DCCReference>
			<DCCReference Include="DU\DU_code.pas">
				<Form>DUForm</Form>
			</DCCReference>
			<DCCReference Include="DU\DU_.pas"/>
			<DCCReference Include="DU3d\DU3d_COde.pas">
				<Form>DU3dForm</Form>
			</DCCReference>
			<DCCReference Include="DU3d\DU3d_.pas"/>
			<DCCReference Include="3d\form3d_vars.pas"/>
			<DCCReference Include="Sol\Sol_1lab.pas">
				<Form>Sol1LabForm</Form>
				<FormType>dfm</FormType>
			</DCCReference>
			<DCCReference Include="Sol\Sol1_Code.pas"/>
			<DCCReference Include="tests\TestFormUnit.pas">
				<Form>TestForm</Form>
				<FormType>dfm</FormType>
			</DCCReference>
			<DCCReference Include="Simplex\simplex_code.pas">
				<Form>SimplexForm</Form>
				<FormType>dfm</FormType>
			</DCCReference>
			<DCCReference Include="Simplex\simplex_.pas"/>
			<DCCReference Include="game_theory\cargoship.pas">
				<Form>CargoShipForm</Form>
				<FormType>dfm</FormType>
			</DCCReference>
			<DCCReference Include="ConvexOptimization\convex_code.pas">
				<Form>ConvexForm</Form>
			</DCCReference>
			<DCCReference Include="ConvexOptimization\convex_.pas"/>
			<DCCReference Include="3rdparty\GpLists.pas"/>
			<DCCReference Include="3rdparty\SpinLock.pas"/>
			<DCCReference Include="2dOptimization\Optimization2d_.pas"/>
			<DCCReference Include="2dOptimization\Optimization2dForm_Code.pas">
				<Form>Optim2dForm</Form>
				<FormType>dfm</FormType>
			</DCCReference>
			<DCCReference Include="game_theory\Blotto.pas">
				<Form>FormBlotto</Form>
				<FormType>dfm</FormType>
			</DCCReference>
			<DCCReference Include="2dOptimization\Optimization2d_vars.pas"/>
			<DCCReference Include="NdOptimization\OptimizationNd_.pas"/>
			<DCCReference Include="NdOptimization\OptimizationNd_vars.pas"/>
			<DCCReference Include="NdOptimization\OptimizationNdForm_Code.pas">
				<Form>OptimNdForm</Form>
			</DCCReference>
			<DCCReference Include="monte-karlo_mm\drunkWalkman_form.pas">
				<Form>DrunkWalkmanForm</Form>
			</DCCReference>
			<DCCReference Include="monte-karlo_mm\drunkWalkman_options.pas">
				<Form>DrunkWalkmanResults</Form>
			</DCCReference>
			<DCCReference Include="game_theory\investitions\investitions_code.pas">
				<Form>InvestitionsForm</Form>
				<FormType>dfm</FormType>
			</DCCReference>
			<DCCReference Include="game_theory\investitions\investitions_result.pas">
				<Form>InvestitionsForm_result</Form>
				<FormType>dfm</FormType>
			</DCCReference>
			<None Include="..\ModelSupport_Project3\default.txaPackage"/>
			<None Include="whole_idea.todo"/>
			<BuildConfiguration Include="Debug">
				<Key>Cfg_2</Key>
				<CfgParent>Base</CfgParent>
			</BuildConfiguration>
			<BuildConfiguration Include="Base">
				<Key>Base</Key>
			</BuildConfiguration>
			<BuildConfiguration Include="Release">
				<Key>Cfg_1</Key>
				<CfgParent>Base</CfgParent>
			</BuildConfiguration>
		</ItemGroup>
		<Import Condition="Exists('$(BDS)\Bin\CodeGear.Delphi.Targets')" Project="$(BDS)\Bin\CodeGear.Delphi.Targets"/>
		<Import Condition="Exists('$(APPDATA)\Embarcadero\$(BDSAPPDATABASEDIR)\$(PRODUCTVERSION)\UserTools.proj')" Project="$(APPDATA)\Embarcadero\$(BDSAPPDATABASEDIR)\$(PRODUCTVERSION)\UserTools.proj"/>
	</Project>
